
Microsoft Visual Studio Solution File, Format Version 12.00
# Visual Studio 15
VisualStudioVersion = 15.0.26124.0
MinimumVisualStudioVersion = 15.0.26124.0
Project("{FAE04EC0-301F-11D3-BF4B-00C04F79EFBC}") = "blazor-games", "blazor-games\blazor-games.csproj", "{B32639D6-119F-4DB8-80F1-CAB7D048720E}"
EndProject
Project("{FAE04EC0-301F-11D3-BF4B-00C04F79EFBC}") = "blazor-games.tests", "blazor-games.tests\blazor-games.tests.csproj", "{A4C84D1D-4620-4BD2-AEA3-32C1203052E5}"
EndProject
Global
	GlobalSection(SolutionConfigurationPlatforms) = preSolution
		Debug|Any CPU = Debug|Any CPU
		Debug|x64 = Debug|x64
		Debug|x86 = Debug|x86
		Release|Any CPU = Release|Any CPU
		Release|x64 = Release|x64
		Release|x86 = Release|x86
	EndGlobalSection
	GlobalSection(SolutionProperties) = preSolution
		HideSolutionNode = FALSE
	EndGlobalSection
	GlobalSection(ProjectConfigurationPlatforms) = postSolution
		{B32639D6-119F-4DB8-80F1-CAB7D048720E}.Debug|Any CPU.ActiveCfg = Debug|Any CPU
		{B32639D6-119F-4DB8-80F1-CAB7D048720E}.Debug|Any CPU.Build.0 = Debug|Any CPU
		{B32639D6-119F-4DB8-80F1-CAB7D048720E}.Debug|x64.ActiveCfg = Debug|Any CPU
		{B32639D6-119F-4DB8-80F1-CAB7D048720E}.Debug|x64.Build.0 = Debug|Any CPU
		{B32639D6-119F-4DB8-80F1-CAB7D048720E}.Debug|x86.ActiveCfg = Debug|Any CPU
		{B32639D6-119F-4DB8-80F1-CAB7D048720E}.Debug|x86.Build.0 = Debug|Any CPU
		{B32639D6-119F-4DB8-80F1-CAB7D048720E}.Release|Any CPU.ActiveCfg = Release|Any CPU
		{B32639D6-119F-4DB8-80F1-CAB7D048720E}.Release|Any CPU.Build.0 = Release|Any CPU
		{B32639D6-119F-4DB8-80F1-CAB7D048720E}.Release|x64.ActiveCfg = Release|Any CPU
		{B32639D6-119F-4DB8-80F1-CAB7D048720E}.Release|x64.Build.0 = Release|Any CPU
		{B32639D6-119F-4DB8-80F1-CAB7D048720E}.Release|x86.ActiveCfg = Release|Any CPU
		{B32639D6-119F-4DB8-80F1-CAB7D048720E}.Release|x86.Build.0 = Release|Any CPU
		{A4C84D1D-4620-4BD2-AEA3-32C1203052E5}.Debug|Any CPU.ActiveCfg = Debug|Any CPU
		{A4C84D1D-4620-4BD2-AEA3-32C1203052E5}.Debug|Any CPU.Build.0 = Debug|Any CPU
		{A4C84D1D-4620-4BD2-AEA3-32C1203052E5}.Debug|x64.ActiveCfg = Debug|Any CPU
		{A4C84D1D-4620-4BD2-AEA3-32C1203052E5}.Debug|x64.Build.0 = Debug|Any CPU
		{A4C84D1D-4620-4BD2-AEA3-32C1203052E5}.Debug|x86.ActiveCfg = Debug|Any CPU
		{A4C84D1D-4620-4BD2-AEA3-32C1203052E5}.Debug|x86.Build.0 = Debug|Any CPU
		{A4C84D1D-4620-4BD2-AEA3-32C1203052E5}.Release|Any CPU.ActiveCfg = Release|Any CPU
		{A4C84D1D-4620-4BD2-AEA3-32C1203052E5}.Release|Any CPU.Build.0 = Release|Any CPU
		{A4C84D1D-4620-4BD2-AEA3-32C1203052E5}.Release|x64.ActiveCfg = Release|Any CPU
		{A4C84D1D-4620-4BD2-AEA3-32C1203052E5}.Release|x64.Build.0 = Release|Any CPU
		{A4C84D1D-4620-4BD2-AEA3-32C1203052E5}.Release|x86.ActiveCfg = Release|Any CPU
		{A4C84D1D-4620-4BD2-AEA3-32C1203052E5}.Release|x86.Build.0 = Release|Any CPU
	EndGlobalSection
EndGlobal
